{
  "name": "micro-frontend-testing",
  "version": "0.0.0",
  "lockfileVersion": 1,
  "requires": true,
  "dependencies": {
    "single-spa": {
      "version": "5.3.4",
      "resolved": "https://registry.npmjs.org/single-spa/-/single-spa-5.3.4.tgz",
      "integrity": "sha512-J0I+OfKn04QdaOp3lC8UL2xmD/BA/V0OisbCFbrR5LDIdsbcP9QG6ZFRNqIQQP8C9XXUtlGnA3ZWPLQBKGcOrw==",
      "dev": true
    }
  }
}
